
Microsoft Visual Studio Solution File, Format Version 12.00
# Visual Studio Version 16
VisualStudioVersion = 16.0.29025.244
MinimumVisualStudioVersion = 10.0.40219.1
Project("{FAE04EC0-301F-11D3-BF4B-00C04F79EFBC}") = "lesson1", "lesson1.csproj", "{A4DB1A1C-2881-4231-8EB9-F7C5BA88F815}"
EndProject
Global
	GlobalSection(SolutionConfigurationPlatforms) = preSolution
		Debug|Any CPU = Debug|Any CPU
		Release|Any CPU = Release|Any CPU
	EndGlobalSection
	GlobalSection(ProjectConfigurationPlatforms) = postSolution
		{A4DB1A1C-2881-4231-8EB9-F7C5BA88F815}.Debug|Any CPU.ActiveCfg = Debug|Any CPU
		{A4DB1A1C-2881-4231-8EB9-F7C5BA88F815}.Debug|Any CPU.Build.0 = Debug|Any CPU
		{A4DB1A1C-2881-4231-8EB9-F7C5BA88F815}.Release|Any CPU.ActiveCfg = Release|Any CPU
		{A4DB1A1C-2881-4231-8EB9-F7C5BA88F815}.Release|Any CPU.Build.0 = Release|Any CPU
	EndGlobalSection
	GlobalSection(SolutionProperties) = preSolution
		HideSolutionNode = FALSE
	EndGlobalSection
	GlobalSection(ExtensibilityGlobals) = postSolution
		SolutionGuid = {2A901A5B-E8A0-4140-8BCD-A30B98A6D153}
	EndGlobalSection
EndGlobal
